{
    "_meta": {
        "hash": {
            "sha256": "d372af462ce8f2dd1ce459249dae419bad1d1a0c0bc8f24742ffeaa9034ffcb1"
        },
        "pipfile-spec": 6,
        "requires": {
            "python_version": "3.6"
        },
        "sources": [
            {
                "name": "pypi",
                "url": "https://pypi.org/simple",
                "verify_ssl": true
            }
        ]
    },
    "default": {
        "grpcio": {
            "hashes": [
                "sha256:0232add03144dd3cf9b660e2718244cb8e175370dca4d3855cb4e489a7811b53",
                "sha256:0f20e6dcb1b8662cdca033bb97c0a8116a5343e3ebc7f71c5fe7f89039978350",
                "sha256:10b07a623d33d4966f45c85d410bc6a79c5ac6341f06c3beda6c22be12cbfe07",
                "sha256:10c0476d5a52d21f402fc073745dc43b87cc8e080a1f49bbff4e1059019310fb",
                "sha256:289dae0b35c59d191c524e976dd0a6f8c995d2062e72621eb866ad0f4472a635",
                "sha256:2be726f16142d358a0df1e81d583d6820ee561a7856a79cca2fbe49989308be7",
                "sha256:4338d2a81f5b4ca022e085040b3cfce19419a5ce44aa7e6810ac1df05365bed7",
                "sha256:4c535b46f20e66bee3097583231977e721acdfcb1671d1490c99b7be8902ce18",
                "sha256:557154aef70a0e979700cc9528bc8b606b668084a29a0d57dbc4b06b078a2f1c",
                "sha256:5bfdd7e6647498f979dc46583723c852d97b25afe995d55aa1c76a5f9816bc1f",
                "sha256:87d8943ae7aa6ca5bbad732867d7f17d2550e4966a0c15b52088e8b579422e47",
                "sha256:89d8719d8de4d137678f7caa979e1b0a6fd4026f8096ceef8c2d164bbabefaf2",
                "sha256:9c3f4af989ce860710ac1864dc2e867dd87e6cee51a2368df1b253596868e52f",
                "sha256:9da52c3c728883aee429bb7c315049f50b2139f680cd86bb1165418e4f93a982",
                "sha256:9e9736659987beab42d18525ed10d21f80a1ba8389eac03425fbfd5684e6bbf0",
                "sha256:9ebcbb1a054cab362d29d3be571d43d6b9b23302d9fc4b43e5327000da1680a9",
                "sha256:a93e08636623e24c939851e2e0c0140b14f524b2980c9cdc4ea52b70a871c7e0",
                "sha256:ac322d86d1a079e0a118d544443ee16f320af0062c191b4754c0c6ec2fc79310",
                "sha256:b1fb101459868f52df6b61e7bb13375e50badf17a160e39fe1d51ae19e53f461",
                "sha256:b39aac96cceac624a23d540473835086a3ffa77c91030189988c073488434493",
                "sha256:b65507bc273c6dbf539175a786a344cc0ac78d50e5584f72c6599733f8a3301f",
                "sha256:be5bb6e47417e537c884a2e2ff2e1a8b2c064a998fcfdfcc67528d4e63e7ebaf",
                "sha256:c92de6a28a909c4f460dc1bbbcb50d676cf0b1f40224b222761f73fdd851b522",
                "sha256:c9f5962eb7fa7607b20eb0e4f59ed35829bd600fc0eacb626a6db83229a3e445",
                "sha256:d00bdf9c546ed6e649f785c55b05288e8b2dbb6bf2eb74b6c579fa0d591d35bd",
                "sha256:da804b1dd8293bd9d61b1e6ea989c887ba042a808a4fbdd80001cfa059aafed2",
                "sha256:ead6c5aa3e807345913649c3be395aaca2bbb2d225f18b8f31f37eab225508f6",
                "sha256:eb4d81550ce6f826af4ec6e8d98be347fe96291d718bf115c3f254621ae8d98d",
                "sha256:ef6a18ec8fd32ec81748fe720544ea2fb2d2dc50fd6d06739d5e2eb8f0626a1c",
                "sha256:fad42835656e0b6d3b7ffc900598e776722e30f43b7234a48f2576ca30f31a47",
                "sha256:fb98dbfee0d963b49ae5754554028cf62e6bd695f22de16d242ba9d2f0b7339b",
                "sha256:fb9cd9bb8d26dc17c2dd715a46bca3a879ec8283879b164e85863110dc6e3b2a"
            ],
            "index": "pypi",
            "version": "==1.21.1"
        },
        "grpcio-tools": {
            "hashes": [
                "sha256:04b642dc43d154d9383e7e8141b0ad5e8427f46e5d9b88a87da9787d3312479c",
                "sha256:095762c550363b68320194153feb1a60586cc86cd192190e756a6b003742aca0",
                "sha256:14e1d201bbd2084e1f44ab6a8c5d6fec88c5aa94b8af946c89e6043390e88718",
                "sha256:2058b5f411578935ef8ec7943458c1d262722de1c1df26fa599b0f54232d0291",
                "sha256:20cea46554dc095796b5ed6e93ca9eae4f2865d3d8b69cef3d88738c218eb596",
                "sha256:28376d8fea76016d500b3ae8883489ccef783e5f74bb12894fdd7347d5894f6f",
                "sha256:30be4d04cae981e0764c9c6a90154de1864350a0ee6f906bb7a3fb6969da9260",
                "sha256:314bcd400730f074688570274441193296830f018d9df70902126065e34f9c18",
                "sha256:3dc77cce3ed8a99126ab78e077074711b0173238dd7a9214fe92025d42dcb8fb",
                "sha256:4328f07818bbcaf3ea3b46380c743fd65392031d3bf3c0c28fd2d3b074ae2a0a",
                "sha256:4564241ca8865163ea575187f7160d0957992974cd71bc2a217275690d0e6f18",
                "sha256:49557224e68b469d5488690136b8e6e4b0f383d5601cfef964847bb45536c72e",
                "sha256:4da4e8f7fc564b0289c4680901bb1642aef646c88f43346b6282d620cfd2a58b",
                "sha256:4f2c390ab8d9b3ae1b8ce90f1cb23102b7d28672ce6ee357845af199b31a8de6",
                "sha256:4fc02ff19903d3642d3f294a9f38999808c84cf0c12b80f854e063386611640a",
                "sha256:50d460c8e172b5b0b0a443c19219f3adf11323d1ff969a23cf4a4d9626bd4c94",
                "sha256:711451998edc6ae87e737af0c051d3eb75c3358435d880f4599c6c927ff50ec7",
                "sha256:7eed258012119f177342399e049e45652b150c3315a37114ce30ef6e99a13e3a",
                "sha256:8340e5bf4a21e45c6a39dd019b2d70691a1181cf1c5545e2ae96eb95cbf9d965",
                "sha256:844401a18a6674490657cd5040f20d0a71650d82e8573da82dc6f1d16bbec1ea",
                "sha256:87289456f7fba8ce65cfca868e0250945b85bed5b3b28a49e7e373d8a985e1e5",
                "sha256:9bbcccee9aadfcfdd063e7ad5c26926dab9a3c8d727823e9028c44641ee1e5dc",
                "sha256:aba021c82b936fec8a3fa5c15277fc11c0bf3a8f95a4a7b3f85d9b1225fff729",
                "sha256:cf74d4843651cf13afbef8aae472d51aaa500bed130f5bfbaba57ec02068f1a5",
                "sha256:d13e36a5936e04321ca703cedf9dfe61f4c837e31dd0330708303dca30aaec94",
                "sha256:d4ecf399b09bf8c646414a0385085537614ebdd221ea588d2c29ce71ade5d6f0",
                "sha256:d5857c9682ca80cad4dce6e94e9bcc35b77a4d58ec7647e0efeb29fe6183cd43",
                "sha256:da18c9ad04d0bacd8c8682b2f81feef9835f2cf27c7f59acb3e664052dacb22a",
                "sha256:df73f88859f2f86ebfd6200603be191651443237a3d02e2bd0e0308b833e5497",
                "sha256:e9b3e2bc69fbd9910dd5e7d21a1003995e46bc6853032c758eccae3ef5b9de4d",
                "sha256:ecdc2369e3f1d6e83029ca4b600aeccaa441976315fa52f518d2f53537addbe6",
                "sha256:fe60c48804528aa4c4af7be0d27b025c5494d1716d1fa4fb1a1560aab8320f4c"
            ],
            "index": "pypi",
            "version": "==1.21.1"
        },
        "protobuf": {
            "hashes": [
                "sha256:03f43eac9d5b651f976e91cf46a25b75e5779d98f0f4114b0abfed83376d75f8",
                "sha256:0c94b21e6de01362f91a86b372555d22a60b59708599ca9d5032ae9fdf8e3538",
                "sha256:2d2a9f30f61f4063fadd7fb68a2510a6939b43c0d6ceeec5c4704f22225da28e",
                "sha256:34a0b05fca061e4abb77dd180209f68d8637115ff319f51e28a6a9382d69853a",
                "sha256:358710fd0db25372edcf1150fa691f48376a134a6c69ce29f38f185eea7699e6",
                "sha256:41e47198b94c27ba05a08b4a95160656105745c462af574e4bcb0807164065c0",
                "sha256:8c61cc8a76e9d381c665aecc5105fa0f1878cf7db8b5cd17202603bcb386d0fc",
                "sha256:a6eebc4db759e58fdac02efcd3028b811effac881d8a5bad1996e4e8ee6acb47",
                "sha256:a9c12f7c98093da0a46ba76ec40ace725daa1ac4038c41e4b1466afb5c45bb01",
                "sha256:cb95068492ba0859b8c9e61fa8ba206a83c64e5d0916fb4543700b2e2b214115",
                "sha256:cd98476ce7bb4dcd6a7b101f5eecdc073dafea19f311e36eb8fba1a349346277",
                "sha256:ce64cfbea18c535176bdaa10ba740c0fc4c6d998a3f511c17bedb0ae4b3b167c",
                "sha256:dcbb59eac73fd454e8f2c5fba9e3d3320fd4707ed6a9d3ea3717924a6f0903ea",
                "sha256:dd67f34458ae716029e2a71ede998e9092493b62a519236ca52e3c5202096c87",
                "sha256:e3c96056eb5b7284a20e256cb0bf783c8f36ad82a4ae5434a7b7cd02384144a7",
                "sha256:f612d584d7a27e2f39e7b17878430a959c1bc09a74ba09db096b468558e5e126",
                "sha256:f6de8a7d6122297b81566e5bd4df37fd5d62bec14f8f90ebff8ede1c9726cd0a",
                "sha256:fa529d9261682b24c2aaa683667253175c9acebe0a31105394b221090da75832"
            ],
            "version": "==3.8.0"
        },
        "six": {
            "hashes": [
                "sha256:3350809f0555b11f552448330d0b52d5f24c91a322ea4a15ef22629740f3761c",
                "sha256:d16a0141ec1a18405cd4ce8b4613101da75da0e9a7aec5bdd4fa804d0e0eba73"
            ],
            "version": "==1.12.0"
        }
    },
    "develop": {}
}
